// !$*UTF8*$!
{
	archiveVersion = 1;
	classes = {
	};
	objectVersion = 56;
	objects = {

/* Begin PBXBuildFile section */
		444DE6B62CD0FC9D00821269 /* AppDelegate.swift in Sources */ = {isa = PBXBuildFile; fileRef = 444DE6B52CD0FC9D00821269 /* AppDelegate.swift */; };
		444DE6B82CD0FC9D00821269 /* SceneDelegate.swift in Sources */ = {isa = PBXBuildFile; fileRef = 444DE6B72CD0FC9D00821269 /* SceneDelegate.swift */; };
		444DE6BA2CD0FC9D00821269 /* ViewController.swift in Sources */ = {isa = PBXBuildFile; fileRef = 444DE6B92CD0FC9D00821269 /* ViewController.swift */; };
		444DE6BF2CD0FC9F00821269 /* Assets.xcassets in Resources */ = {isa = PBXBuildFile; fileRef = 444DE6BE2CD0FC9F00821269 /* Assets.xcassets */; };
		444DE6C22CD0FC9F00821269 /* Base in Resources */ = {isa = PBXBuildFile; fileRef = 444DE6C12CD0FC9F00821269 /* Base */; };
		444DE6CA2CD0FDD000821269 /* .gitignore in Resources */ = {isa = PBXBuildFile; fileRef = 444DE6C92CD0FDD000821269 /* .gitignore */; };
		444DE6D22CD1012700821269 /* APIKey.swift in Sources */ = {isa = PBXBuildFile; fileRef = 444DE6D12CD1012700821269 /* APIKey.swift */; };
		444DE6D52CD1022600821269 /* Reusable.swift in Sources */ = {isa = PBXBuildFile; fileRef = 444DE6D42CD1022600821269 /* Reusable.swift */; };
		444DE6D72CD102DD00821269 /* Constant.swift in Sources */ = {isa = PBXBuildFile; fileRef = 444DE6D62CD102DD00821269 /* Constant.swift */; };
		444DE6DA2CD10A7A00821269 /* SnapKit in Frameworks */ = {isa = PBXBuildFile; productRef = 444DE6D92CD10A7A00821269 /* SnapKit */; };
		444DE6DD2CD112EE00821269 /* UILabel+Extension.swift in Sources */ = {isa = PBXBuildFile; fileRef = 444DE6DC2CD112EE00821269 /* UILabel+Extension.swift */; };
		444DE6E02CD11FC100821269 /* OnboardingViewController.swift in Sources */ = {isa = PBXBuildFile; fileRef = 444DE6DF2CD11FC100821269 /* OnboardingViewController.swift */; };
		444DE6E22CD1207300821269 /* UIView+Extension.swift in Sources */ = {isa = PBXBuildFile; fileRef = 444DE6E12CD1207300821269 /* UIView+Extension.swift */; };
		444DE6E52CD121AA00821269 /* BaseView.swift in Sources */ = {isa = PBXBuildFile; fileRef = 444DE6E42CD121AA00821269 /* BaseView.swift */; };
		444DE6E72CD24C1F00821269 /* BaseViewController.swift in Sources */ = {isa = PBXBuildFile; fileRef = 444DE6E62CD24C1F00821269 /* BaseViewController.swift */; };
		444DE6E92CD24E4100821269 /* BaseTableViewCell.swift in Sources */ = {isa = PBXBuildFile; fileRef = 444DE6E82CD24E4100821269 /* BaseTableViewCell.swift */; };
		444DE6EB2CD24F1D00821269 /* BaseCollectionViewCell.swift in Sources */ = {isa = PBXBuildFile; fileRef = 444DE6EA2CD24F1D00821269 /* BaseCollectionViewCell.swift */; };
		444DE6EF2CD2529D00821269 /* OnboardingView.swift in Sources */ = {isa = PBXBuildFile; fileRef = 444DE6EE2CD2529D00821269 /* OnboardingView.swift */; };
		444DE6F22CD2777800821269 /* RectangleBrandColorButton.swift in Sources */ = {isa = PBXBuildFile; fileRef = 444DE6F12CD2777800821269 /* RectangleBrandColorButton.swift */; };
		444DE6F42CD27B1600821269 /* UIButton+Extension.swift in Sources */ = {isa = PBXBuildFile; fileRef = 444DE6F32CD27B1600821269 /* UIButton+Extension.swift */; };
		444DE6F72CD366DB00821269 /* AuthView.swift in Sources */ = {isa = PBXBuildFile; fileRef = 444DE6F62CD366DB00821269 /* AuthView.swift */; };
		444DE6F92CD366E600821269 /* AuthViewController.swift in Sources */ = {isa = PBXBuildFile; fileRef = 444DE6F82CD366E600821269 /* AuthViewController.swift */; };
		444DE6FC2CD36B4200821269 /* RxCocoa in Frameworks */ = {isa = PBXBuildFile; productRef = 444DE6FB2CD36B4200821269 /* RxCocoa */; };
		444DE6FE2CD36B4200821269 /* RxRelay in Frameworks */ = {isa = PBXBuildFile; productRef = 444DE6FD2CD36B4200821269 /* RxRelay */; };
		444DE7002CD36B4200821269 /* RxSwift in Frameworks */ = {isa = PBXBuildFile; productRef = 444DE6FF2CD36B4200821269 /* RxSwift */; };
		444DE7022CD4D2A700821269 /* Coordinator.swift in Sources */ = {isa = PBXBuildFile; fileRef = 444DE7012CD4D2A700821269 /* Coordinator.swift */; };
		444DE7042CD6093000821269 /* AppCoordinator.swift in Sources */ = {isa = PBXBuildFile; fileRef = 444DE7032CD6093000821269 /* AppCoordinator.swift */; };
		444DE7062CD609FC00821269 /* OnboardingCoordinator.swift in Sources */ = {isa = PBXBuildFile; fileRef = 444DE7052CD609FC00821269 /* OnboardingCoordinator.swift */; };
		444DE7082CD60BDD00821269 /* AuthCoordinator.swift in Sources */ = {isa = PBXBuildFile; fileRef = 444DE7072CD60BDD00821269 /* AuthCoordinator.swift */; };
		444DE7112CD6221A00821269 /* SignUpCoordinator.swift in Sources */ = {isa = PBXBuildFile; fileRef = 444DE7102CD6221A00821269 /* SignUpCoordinator.swift */; };
		444DE7132CD6222400821269 /* SignUpView.swift in Sources */ = {isa = PBXBuildFile; fileRef = 444DE7122CD6222400821269 /* SignUpView.swift */; };
		444DE7152CD6222D00821269 /* SignUpViewController.swift in Sources */ = {isa = PBXBuildFile; fileRef = 444DE7142CD6222D00821269 /* SignUpViewController.swift */; };
		444DE7172CD6251100821269 /* TitleWithInputFieldView.swift in Sources */ = {isa = PBXBuildFile; fileRef = 444DE7162CD6251100821269 /* TitleWithInputFieldView.swift */; };
		444DE7192CD74D7E00821269 /* CustomHandleNavigationBar.swift in Sources */ = {isa = PBXBuildFile; fileRef = 444DE7182CD74D7E00821269 /* CustomHandleNavigationBar.swift */; };
		444DE71C2CD7720600821269 /* ReactorKit in Frameworks */ = {isa = PBXBuildFile; productRef = 444DE71B2CD7720600821269 /* ReactorKit */; };
/* End PBXBuildFile section */

/* Begin PBXFileReference section */
		444DE6B22CD0FC9D00821269 /* MaruTalk.app */ = {isa = PBXFileReference; explicitFileType = wrapper.application; includeInIndex = 0; path = MaruTalk.app; sourceTree = BUILT_PRODUCTS_DIR; };
		444DE6B52CD0FC9D00821269 /* AppDelegate.swift */ = {isa = PBXFileReference; lastKnownFileType = sourcecode.swift; path = AppDelegate.swift; sourceTree = "<group>"; };
		444DE6B72CD0FC9D00821269 /* SceneDelegate.swift */ = {isa = PBXFileReference; lastKnownFileType = sourcecode.swift; path = SceneDelegate.swift; sourceTree = "<group>"; };
		444DE6B92CD0FC9D00821269 /* ViewController.swift */ = {isa = PBXFileReference; lastKnownFileType = sourcecode.swift; path = ViewController.swift; sourceTree = "<group>"; };
		444DE6BE2CD0FC9F00821269 /* Assets.xcassets */ = {isa = PBXFileReference; lastKnownFileType = folder.assetcatalog; path = Assets.xcassets; sourceTree = "<group>"; };
		444DE6C12CD0FC9F00821269 /* Base */ = {isa = PBXFileReference; lastKnownFileType = file.storyboard; name = Base; path = Base.lproj/LaunchScreen.storyboard; sourceTree = "<group>"; };
		444DE6C32CD0FC9F00821269 /* Info.plist */ = {isa = PBXFileReference; lastKnownFileType = text.plist.xml; path = Info.plist; sourceTree = "<group>"; };
		444DE6C92CD0FDD000821269 /* .gitignore */ = {isa = PBXFileReference; lastKnownFileType = text; path = .gitignore; sourceTree = "<group>"; };
		444DE6D12CD1012700821269 /* APIKey.swift */ = {isa = PBXFileReference; lastKnownFileType = sourcecode.swift; path = APIKey.swift; sourceTree = "<group>"; };
		444DE6D42CD1022600821269 /* Reusable.swift */ = {isa = PBXFileReference; lastKnownFileType = sourcecode.swift; path = Reusable.swift; sourceTree = "<group>"; };
		444DE6D62CD102DD00821269 /* Constant.swift */ = {isa = PBXFileReference; lastKnownFileType = sourcecode.swift; path = Constant.swift; sourceTree = "<group>"; };
		444DE6DC2CD112EE00821269 /* UILabel+Extension.swift */ = {isa = PBXFileReference; lastKnownFileType = sourcecode.swift; path = "UILabel+Extension.swift"; sourceTree = "<group>"; };
		444DE6DF2CD11FC100821269 /* OnboardingViewController.swift */ = {isa = PBXFileReference; lastKnownFileType = sourcecode.swift; path = OnboardingViewController.swift; sourceTree = "<group>"; };
		444DE6E12CD1207300821269 /* UIView+Extension.swift */ = {isa = PBXFileReference; lastKnownFileType = sourcecode.swift; path = "UIView+Extension.swift"; sourceTree = "<group>"; };
		444DE6E42CD121AA00821269 /* BaseView.swift */ = {isa = PBXFileReference; lastKnownFileType = sourcecode.swift; path = BaseView.swift; sourceTree = "<group>"; };
		444DE6E62CD24C1F00821269 /* BaseViewController.swift */ = {isa = PBXFileReference; lastKnownFileType = sourcecode.swift; path = BaseViewController.swift; sourceTree = "<group>"; };
		444DE6E82CD24E4100821269 /* BaseTableViewCell.swift */ = {isa = PBXFileReference; lastKnownFileType = sourcecode.swift; path = BaseTableViewCell.swift; sourceTree = "<group>"; };
		444DE6EA2CD24F1D00821269 /* BaseCollectionViewCell.swift */ = {isa = PBXFileReference; lastKnownFileType = sourcecode.swift; path = BaseCollectionViewCell.swift; sourceTree = "<group>"; };
		444DE6EE2CD2529D00821269 /* OnboardingView.swift */ = {isa = PBXFileReference; lastKnownFileType = sourcecode.swift; path = OnboardingView.swift; sourceTree = "<group>"; };
		444DE6F12CD2777800821269 /* RectangleBrandColorButton.swift */ = {isa = PBXFileReference; lastKnownFileType = sourcecode.swift; path = RectangleBrandColorButton.swift; sourceTree = "<group>"; };
		444DE6F32CD27B1600821269 /* UIButton+Extension.swift */ = {isa = PBXFileReference; lastKnownFileType = sourcecode.swift; path = "UIButton+Extension.swift"; sourceTree = "<group>"; };
		444DE6F62CD366DB00821269 /* AuthView.swift */ = {isa = PBXFileReference; lastKnownFileType = sourcecode.swift; path = AuthView.swift; sourceTree = "<group>"; };
		444DE6F82CD366E600821269 /* AuthViewController.swift */ = {isa = PBXFileReference; lastKnownFileType = sourcecode.swift; path = AuthViewController.swift; sourceTree = "<group>"; };
		444DE7012CD4D2A700821269 /* Coordinator.swift */ = {isa = PBXFileReference; lastKnownFileType = sourcecode.swift; path = Coordinator.swift; sourceTree = "<group>"; };
		444DE7032CD6093000821269 /* AppCoordinator.swift */ = {isa = PBXFileReference; lastKnownFileType = sourcecode.swift; path = AppCoordinator.swift; sourceTree = "<group>"; };
		444DE7052CD609FC00821269 /* OnboardingCoordinator.swift */ = {isa = PBXFileReference; lastKnownFileType = sourcecode.swift; path = OnboardingCoordinator.swift; sourceTree = "<group>"; };
		444DE7072CD60BDD00821269 /* AuthCoordinator.swift */ = {isa = PBXFileReference; lastKnownFileType = sourcecode.swift; path = AuthCoordinator.swift; sourceTree = "<group>"; };
		444DE7102CD6221A00821269 /* SignUpCoordinator.swift */ = {isa = PBXFileReference; lastKnownFileType = sourcecode.swift; path = SignUpCoordinator.swift; sourceTree = "<group>"; };
		444DE7122CD6222400821269 /* SignUpView.swift */ = {isa = PBXFileReference; lastKnownFileType = sourcecode.swift; path = SignUpView.swift; sourceTree = "<group>"; };
		444DE7142CD6222D00821269 /* SignUpViewController.swift */ = {isa = PBXFileReference; lastKnownFileType = sourcecode.swift; path = SignUpViewController.swift; sourceTree = "<group>"; };
		444DE7162CD6251100821269 /* TitleWithInputFieldView.swift */ = {isa = PBXFileReference; lastKnownFileType = sourcecode.swift; path = TitleWithInputFieldView.swift; sourceTree = "<group>"; };
		444DE7182CD74D7E00821269 /* CustomHandleNavigationBar.swift */ = {isa = PBXFileReference; lastKnownFileType = sourcecode.swift; path = CustomHandleNavigationBar.swift; sourceTree = "<group>"; };
/* End PBXFileReference section */

/* Begin PBXFrameworksBuildPhase section */
		444DE6AF2CD0FC9D00821269 /* Frameworks */ = {
			isa = PBXFrameworksBuildPhase;
			buildActionMask = 2147483647;
			files = (
				444DE6FE2CD36B4200821269 /* RxRelay in Frameworks */,
				444DE6FC2CD36B4200821269 /* RxCocoa in Frameworks */,
				444DE7002CD36B4200821269 /* RxSwift in Frameworks */,
				444DE71C2CD7720600821269 /* ReactorKit in Frameworks */,
				444DE6DA2CD10A7A00821269 /* SnapKit in Frameworks */,
			);
			runOnlyForDeploymentPostprocessing = 0;
		};
/* End PBXFrameworksBuildPhase section */

/* Begin PBXGroup section */
		444DE6A92CD0FC9D00821269 = {
			isa = PBXGroup;
			children = (
				444DE6C92CD0FDD000821269 /* .gitignore */,
				444DE6B42CD0FC9D00821269 /* MaruTalk */,
				444DE6B32CD0FC9D00821269 /* Products */,
			);
			sourceTree = "<group>";
		};
		444DE6B32CD0FC9D00821269 /* Products */ = {
			isa = PBXGroup;
			children = (
				444DE6B22CD0FC9D00821269 /* MaruTalk.app */,
			);
			name = Products;
			sourceTree = "<group>";
		};
		444DE6B42CD0FC9D00821269 /* MaruTalk */ = {
			isa = PBXGroup;
			children = (
				444DE6CB2CD100A400821269 /* Application */,
				444DE6CE2CD100FD00821269 /* Common */,
				444DE6CF2CD1010400821269 /* Service */,
				444DE6D02CD1011500821269 /* Model */,
				444DE6CD2CD100B600821269 /* Presentation */,
				444DE6CC2CD100AD00821269 /* Resource */,
			);
			path = MaruTalk;
			sourceTree = "<group>";
		};
		444DE6CB2CD100A400821269 /* Application */ = {
			isa = PBXGroup;
			children = (
				444DE6B52CD0FC9D00821269 /* AppDelegate.swift */,
				444DE6B72CD0FC9D00821269 /* SceneDelegate.swift */,
				444DE7032CD6093000821269 /* AppCoordinator.swift */,
			);
			path = Application;
			sourceTree = "<group>";
		};
		444DE6CC2CD100AD00821269 /* Resource */ = {
			isa = PBXGroup;
			children = (
				444DE6BE2CD0FC9F00821269 /* Assets.xcassets */,
				444DE6C02CD0FC9F00821269 /* LaunchScreen.storyboard */,
				444DE6C32CD0FC9F00821269 /* Info.plist */,
			);
			path = Resource;
			sourceTree = "<group>";
		};
		444DE6CD2CD100B600821269 /* Presentation */ = {
			isa = PBXGroup;
			children = (
				444DE6B92CD0FC9D00821269 /* ViewController.swift */,
				444DE6DE2CD11F9A00821269 /* Onboarding */,
			);
			path = Presentation;
			sourceTree = "<group>";
		};
		444DE6CE2CD100FD00821269 /* Common */ = {
			isa = PBXGroup;
			children = (
				444DE6D62CD102DD00821269 /* Constant.swift */,
				444DE6E32CD1219A00821269 /* Base */,
				444DE6F02CD276FB00821269 /* CustomViews */,
				444DE6DB2CD112D300821269 /* Extensions */,
				444DE6D32CD1021500821269 /* Protocols */,
			);
			path = Common;
			sourceTree = "<group>";
		};
		444DE6CF2CD1010400821269 /* Service */ = {
			isa = PBXGroup;
			children = (
				444DE6ED2CD24FC800821269 /* Database */,
				444DE6EC2CD24FC000821269 /* Network */,
			);
			path = Service;
			sourceTree = "<group>";
		};
		444DE6D02CD1011500821269 /* Model */ = {
			isa = PBXGroup;
			children = (
			);
			path = Model;
			sourceTree = "<group>";
		};
		444DE6D32CD1021500821269 /* Protocols */ = {
			isa = PBXGroup;
			children = (
				444DE6D42CD1022600821269 /* Reusable.swift */,
				444DE7012CD4D2A700821269 /* Coordinator.swift */,
			);
			path = Protocols;
			sourceTree = "<group>";
		};
		444DE6DB2CD112D300821269 /* Extensions */ = {
			isa = PBXGroup;
			children = (
				444DE6E12CD1207300821269 /* UIView+Extension.swift */,
				444DE6DC2CD112EE00821269 /* UILabel+Extension.swift */,
				444DE6F32CD27B1600821269 /* UIButton+Extension.swift */,
			);
			path = Extensions;
			sourceTree = "<group>";
		};
		444DE6DE2CD11F9A00821269 /* Onboarding */ = {
			isa = PBXGroup;
			children = (
				444DE7052CD609FC00821269 /* OnboardingCoordinator.swift */,
				444DE6EE2CD2529D00821269 /* OnboardingView.swift */,
				444DE6DF2CD11FC100821269 /* OnboardingViewController.swift */,
				444DE6F52CD366CD00821269 /* Auth */,
				444DE70F2CD621D200821269 /* SignUp */,
			);
			path = Onboarding;
			sourceTree = "<group>";
		};
		444DE6E32CD1219A00821269 /* Base */ = {
			isa = PBXGroup;
			children = (
				444DE6E42CD121AA00821269 /* BaseView.swift */,
				444DE6E62CD24C1F00821269 /* BaseViewController.swift */,
				444DE6E82CD24E4100821269 /* BaseTableViewCell.swift */,
				444DE6EA2CD24F1D00821269 /* BaseCollectionViewCell.swift */,
			);
			path = Base;
			sourceTree = "<group>";
		};
		444DE6EC2CD24FC000821269 /* Network */ = {
			isa = PBXGroup;
			children = (
				444DE6D12CD1012700821269 /* APIKey.swift */,
			);
			path = Network;
			sourceTree = "<group>";
		};
		444DE6ED2CD24FC800821269 /* Database */ = {
			isa = PBXGroup;
			children = (
			);
			path = Database;
			sourceTree = "<group>";
		};
		444DE6F02CD276FB00821269 /* CustomViews */ = {
			isa = PBXGroup;
			children = (
				444DE6F12CD2777800821269 /* RectangleBrandColorButton.swift */,
				444DE7162CD6251100821269 /* TitleWithInputFieldView.swift */,
				444DE7182CD74D7E00821269 /* CustomHandleNavigationBar.swift */,
			);
			path = CustomViews;
			sourceTree = "<group>";
		};
		444DE6F52CD366CD00821269 /* Auth */ = {
			isa = PBXGroup;
			children = (
				444DE7072CD60BDD00821269 /* AuthCoordinator.swift */,
				444DE6F62CD366DB00821269 /* AuthView.swift */,
				444DE6F82CD366E600821269 /* AuthViewController.swift */,
			);
			path = Auth;
			sourceTree = "<group>";
		};
		444DE70F2CD621D200821269 /* SignUp */ = {
			isa = PBXGroup;
			children = (
				444DE7102CD6221A00821269 /* SignUpCoordinator.swift */,
				444DE7122CD6222400821269 /* SignUpView.swift */,
				444DE7142CD6222D00821269 /* SignUpViewController.swift */,
			);
			path = SignUp;
			sourceTree = "<group>";
		};
/* End PBXGroup section */

/* Begin PBXNativeTarget section */
		444DE6B12CD0FC9D00821269 /* MaruTalk */ = {
			isa = PBXNativeTarget;
			buildConfigurationList = 444DE6C62CD0FC9F00821269 /* Build configuration list for PBXNativeTarget "MaruTalk" */;
			buildPhases = (
				444DE6AE2CD0FC9D00821269 /* Sources */,
				444DE6AF2CD0FC9D00821269 /* Frameworks */,
				444DE6B02CD0FC9D00821269 /* Resources */,
			);
			buildRules = (
			);
			dependencies = (
			);
			name = MaruTalk;
			packageProductDependencies = (
				444DE6D92CD10A7A00821269 /* SnapKit */,
				444DE6FB2CD36B4200821269 /* RxCocoa */,
				444DE6FD2CD36B4200821269 /* RxRelay */,
				444DE6FF2CD36B4200821269 /* RxSwift */,
				444DE71B2CD7720600821269 /* ReactorKit */,
			);
			productName = MaruTalk;
			productReference = 444DE6B22CD0FC9D00821269 /* MaruTalk.app */;
			productType = "com.apple.product-type.application";
		};
/* End PBXNativeTarget section */

/* Begin PBXProject section */
		444DE6AA2CD0FC9D00821269 /* Project object */ = {
			isa = PBXProject;
			attributes = {
				BuildIndependentTargetsInParallel = 1;
				LastSwiftUpdateCheck = 1530;
				LastUpgradeCheck = 1530;
				TargetAttributes = {
					444DE6B12CD0FC9D00821269 = {
						CreatedOnToolsVersion = 15.3;
					};
				};
			};
			buildConfigurationList = 444DE6AD2CD0FC9D00821269 /* Build configuration list for PBXProject "MaruTalk" */;
			compatibilityVersion = "Xcode 14.0";
			developmentRegion = en;
			hasScannedForEncodings = 0;
			knownRegions = (
				en,
				Base,
			);
			mainGroup = 444DE6A92CD0FC9D00821269;
			packageReferences = (
				444DE6D82CD10A7A00821269 /* XCRemoteSwiftPackageReference "SnapKit" */,
				444DE6FA2CD36B4200821269 /* XCRemoteSwiftPackageReference "RxSwift" */,
				444DE71A2CD7720600821269 /* XCRemoteSwiftPackageReference "ReactorKit" */,
			);
			productRefGroup = 444DE6B32CD0FC9D00821269 /* Products */;
			projectDirPath = "";
			projectRoot = "";
			targets = (
				444DE6B12CD0FC9D00821269 /* MaruTalk */,
			);
		};
/* End PBXProject section */

/* Begin PBXResourcesBuildPhase section */
		444DE6B02CD0FC9D00821269 /* Resources */ = {
			isa = PBXResourcesBuildPhase;
			buildActionMask = 2147483647;
			files = (
				444DE6BF2CD0FC9F00821269 /* Assets.xcassets in Resources */,
				444DE6CA2CD0FDD000821269 /* .gitignore in Resources */,
				444DE6C22CD0FC9F00821269 /* Base in Resources */,
			);
			runOnlyForDeploymentPostprocessing = 0;
		};
/* End PBXResourcesBuildPhase section */

/* Begin PBXSourcesBuildPhase section */
		444DE6AE2CD0FC9D00821269 /* Sources */ = {
			isa = PBXSourcesBuildPhase;
			buildActionMask = 2147483647;
			files = (
				444DE7192CD74D7E00821269 /* CustomHandleNavigationBar.swift in Sources */,
				444DE6BA2CD0FC9D00821269 /* ViewController.swift in Sources */,
				444DE7112CD6221A00821269 /* SignUpCoordinator.swift in Sources */,
				444DE6B62CD0FC9D00821269 /* AppDelegate.swift in Sources */,
				444DE6E72CD24C1F00821269 /* BaseViewController.swift in Sources */,
				444DE7152CD6222D00821269 /* SignUpViewController.swift in Sources */,
				444DE7132CD6222400821269 /* SignUpView.swift in Sources */,
				444DE6D22CD1012700821269 /* APIKey.swift in Sources */,
				444DE6E92CD24E4100821269 /* BaseTableViewCell.swift in Sources */,
				444DE6F42CD27B1600821269 /* UIButton+Extension.swift in Sources */,
				444DE7082CD60BDD00821269 /* AuthCoordinator.swift in Sources */,
				444DE7022CD4D2A700821269 /* Coordinator.swift in Sources */,
				444DE7172CD6251100821269 /* TitleWithInputFieldView.swift in Sources */,
				444DE6E22CD1207300821269 /* UIView+Extension.swift in Sources */,
				444DE6E02CD11FC100821269 /* OnboardingViewController.swift in Sources */,
				444DE6DD2CD112EE00821269 /* UILabel+Extension.swift in Sources */,
				444DE7062CD609FC00821269 /* OnboardingCoordinator.swift in Sources */,
				444DE6B82CD0FC9D00821269 /* SceneDelegate.swift in Sources */,
				444DE6E52CD121AA00821269 /* BaseView.swift in Sources */,
				444DE7042CD6093000821269 /* AppCoordinator.swift in Sources */,
				444DE6D52CD1022600821269 /* Reusable.swift in Sources */,
				444DE6EB2CD24F1D00821269 /* BaseCollectionViewCell.swift in Sources */,
				444DE6D72CD102DD00821269 /* Constant.swift in Sources */,
				444DE6F72CD366DB00821269 /* AuthView.swift in Sources */,
				444DE6EF2CD2529D00821269 /* OnboardingView.swift in Sources */,
				444DE6F92CD366E600821269 /* AuthViewController.swift in Sources */,
				444DE6F22CD2777800821269 /* RectangleBrandColorButton.swift in Sources */,
			);
			runOnlyForDeploymentPostprocessing = 0;
		};
/* End PBXSourcesBuildPhase section */

/* Begin PBXVariantGroup section */
		444DE6C02CD0FC9F00821269 /* LaunchScreen.storyboard */ = {
			isa = PBXVariantGroup;
			children = (
				444DE6C12CD0FC9F00821269 /* Base */,
			);
			name = LaunchScreen.storyboard;
			sourceTree = "<group>";
		};
/* End PBXVariantGroup section */

/* Begin XCBuildConfiguration section */
		444DE6C42CD0FC9F00821269 /* Debug */ = {
			isa = XCBuildConfiguration;
			buildSettings = {
				ALWAYS_SEARCH_USER_PATHS = NO;
				ASSETCATALOG_COMPILER_GENERATE_SWIFT_ASSET_SYMBOL_EXTENSIONS = YES;
				CLANG_ANALYZER_NONNULL = YES;
				CLANG_ANALYZER_NUMBER_OBJECT_CONVERSION = YES_AGGRESSIVE;
				CLANG_CXX_LANGUAGE_STANDARD = "gnu++20";
				CLANG_ENABLE_MODULES = YES;
				CLANG_ENABLE_OBJC_ARC = YES;
				CLANG_ENABLE_OBJC_WEAK = YES;
				CLANG_WARN_BLOCK_CAPTURE_AUTORELEASING = YES;
				CLANG_WARN_BOOL_CONVERSION = YES;
				CLANG_WARN_COMMA = YES;
				CLANG_WARN_CONSTANT_CONVERSION = YES;
				CLANG_WARN_DEPRECATED_OBJC_IMPLEMENTATIONS = YES;
				CLANG_WARN_DIRECT_OBJC_ISA_USAGE = YES_ERROR;
				CLANG_WARN_DOCUMENTATION_COMMENTS = YES;
				CLANG_WARN_EMPTY_BODY = YES;
				CLANG_WARN_ENUM_CONVERSION = YES;
				CLANG_WARN_INFINITE_RECURSION = YES;
				CLANG_WARN_INT_CONVERSION = YES;
				CLANG_WARN_NON_LITERAL_NULL_CONVERSION = YES;
				CLANG_WARN_OBJC_IMPLICIT_RETAIN_SELF = YES;
				CLANG_WARN_OBJC_LITERAL_CONVERSION = YES;
				CLANG_WARN_OBJC_ROOT_CLASS = YES_ERROR;
				CLANG_WARN_QUOTED_INCLUDE_IN_FRAMEWORK_HEADER = YES;
				CLANG_WARN_RANGE_LOOP_ANALYSIS = YES;
				CLANG_WARN_STRICT_PROTOTYPES = YES;
				CLANG_WARN_SUSPICIOUS_MOVE = YES;
				CLANG_WARN_UNGUARDED_AVAILABILITY = YES_AGGRESSIVE;
				CLANG_WARN_UNREACHABLE_CODE = YES;
				CLANG_WARN__DUPLICATE_METHOD_MATCH = YES;
				COPY_PHASE_STRIP = NO;
				DEBUG_INFORMATION_FORMAT = dwarf;
				ENABLE_STRICT_OBJC_MSGSEND = YES;
				ENABLE_TESTABILITY = YES;
				ENABLE_USER_SCRIPT_SANDBOXING = YES;
				GCC_C_LANGUAGE_STANDARD = gnu17;
				GCC_DYNAMIC_NO_PIC = NO;
				GCC_NO_COMMON_BLOCKS = YES;
				GCC_OPTIMIZATION_LEVEL = 0;
				GCC_PREPROCESSOR_DEFINITIONS = (
					"DEBUG=1",
					"$(inherited)",
				);
				GCC_WARN_64_TO_32_BIT_CONVERSION = YES;
				GCC_WARN_ABOUT_RETURN_TYPE = YES_ERROR;
				GCC_WARN_UNDECLARED_SELECTOR = YES;
				GCC_WARN_UNINITIALIZED_AUTOS = YES_AGGRESSIVE;
				GCC_WARN_UNUSED_FUNCTION = YES;
				GCC_WARN_UNUSED_VARIABLE = YES;
				IPHONEOS_DEPLOYMENT_TARGET = 17.4;
				LOCALIZATION_PREFERS_STRING_CATALOGS = YES;
				MTL_ENABLE_DEBUG_INFO = INCLUDE_SOURCE;
				MTL_FAST_MATH = YES;
				ONLY_ACTIVE_ARCH = YES;
				SDKROOT = iphoneos;
				SWIFT_ACTIVE_COMPILATION_CONDITIONS = "DEBUG $(inherited)";
				SWIFT_OPTIMIZATION_LEVEL = "-Onone";
			};
			name = Debug;
		};
		444DE6C52CD0FC9F00821269 /* Release */ = {
			isa = XCBuildConfiguration;
			buildSettings = {
				ALWAYS_SEARCH_USER_PATHS = NO;
				ASSETCATALOG_COMPILER_GENERATE_SWIFT_ASSET_SYMBOL_EXTENSIONS = YES;
				CLANG_ANALYZER_NONNULL = YES;
				CLANG_ANALYZER_NUMBER_OBJECT_CONVERSION = YES_AGGRESSIVE;
				CLANG_CXX_LANGUAGE_STANDARD = "gnu++20";
				CLANG_ENABLE_MODULES = YES;
				CLANG_ENABLE_OBJC_ARC = YES;
				CLANG_ENABLE_OBJC_WEAK = YES;
				CLANG_WARN_BLOCK_CAPTURE_AUTORELEASING = YES;
				CLANG_WARN_BOOL_CONVERSION = YES;
				CLANG_WARN_COMMA = YES;
				CLANG_WARN_CONSTANT_CONVERSION = YES;
				CLANG_WARN_DEPRECATED_OBJC_IMPLEMENTATIONS = YES;
				CLANG_WARN_DIRECT_OBJC_ISA_USAGE = YES_ERROR;
				CLANG_WARN_DOCUMENTATION_COMMENTS = YES;
				CLANG_WARN_EMPTY_BODY = YES;
				CLANG_WARN_ENUM_CONVERSION = YES;
				CLANG_WARN_INFINITE_RECURSION = YES;
				CLANG_WARN_INT_CONVERSION = YES;
				CLANG_WARN_NON_LITERAL_NULL_CONVERSION = YES;
				CLANG_WARN_OBJC_IMPLICIT_RETAIN_SELF = YES;
				CLANG_WARN_OBJC_LITERAL_CONVERSION = YES;
				CLANG_WARN_OBJC_ROOT_CLASS = YES_ERROR;
				CLANG_WARN_QUOTED_INCLUDE_IN_FRAMEWORK_HEADER = YES;
				CLANG_WARN_RANGE_LOOP_ANALYSIS = YES;
				CLANG_WARN_STRICT_PROTOTYPES = YES;
				CLANG_WARN_SUSPICIOUS_MOVE = YES;
				CLANG_WARN_UNGUARDED_AVAILABILITY = YES_AGGRESSIVE;
				CLANG_WARN_UNREACHABLE_CODE = YES;
				CLANG_WARN__DUPLICATE_METHOD_MATCH = YES;
				COPY_PHASE_STRIP = NO;
				DEBUG_INFORMATION_FORMAT = "dwarf-with-dsym";
				ENABLE_NS_ASSERTIONS = NO;
				ENABLE_STRICT_OBJC_MSGSEND = YES;
				ENABLE_USER_SCRIPT_SANDBOXING = YES;
				GCC_C_LANGUAGE_STANDARD = gnu17;
				GCC_NO_COMMON_BLOCKS = YES;
				GCC_WARN_64_TO_32_BIT_CONVERSION = YES;
				GCC_WARN_ABOUT_RETURN_TYPE = YES_ERROR;
				GCC_WARN_UNDECLARED_SELECTOR = YES;
				GCC_WARN_UNINITIALIZED_AUTOS = YES_AGGRESSIVE;
				GCC_WARN_UNUSED_FUNCTION = YES;
				GCC_WARN_UNUSED_VARIABLE = YES;
				IPHONEOS_DEPLOYMENT_TARGET = 17.4;
				LOCALIZATION_PREFERS_STRING_CATALOGS = YES;
				MTL_ENABLE_DEBUG_INFO = NO;
				MTL_FAST_MATH = YES;
				SDKROOT = iphoneos;
				SWIFT_COMPILATION_MODE = wholemodule;
				VALIDATE_PRODUCT = YES;
			};
			name = Release;
		};
		444DE6C72CD0FC9F00821269 /* Debug */ = {
			isa = XCBuildConfiguration;
			buildSettings = {
				ASSETCATALOG_COMPILER_APPICON_NAME = AppIcon;
				ASSETCATALOG_COMPILER_GLOBAL_ACCENT_COLOR_NAME = AccentColor;
				CODE_SIGN_STYLE = Automatic;
				CURRENT_PROJECT_VERSION = 1;
				DEVELOPMENT_TEAM = 9M37U587ZT;
				GENERATE_INFOPLIST_FILE = YES;
				INFOPLIST_FILE = MaruTalk/Resource/Info.plist;
				INFOPLIST_KEY_UIApplicationSupportsIndirectInputEvents = YES;
				INFOPLIST_KEY_UILaunchStoryboardName = LaunchScreen;
				INFOPLIST_KEY_UISupportedInterfaceOrientations = UIInterfaceOrientationPortrait;
				INFOPLIST_KEY_UISupportedInterfaceOrientations_iPad = UIInterfaceOrientationPortrait;
				IPHONEOS_DEPLOYMENT_TARGET = 16.0;
				LD_RUNPATH_SEARCH_PATHS = (
					"$(inherited)",
					"@executable_path/Frameworks",
				);
				MARKETING_VERSION = 1.0;
				PRODUCT_BUNDLE_IDENTIFIER = com.daeyunkwon.MaruTalk;
				PRODUCT_NAME = "$(TARGET_NAME)";
				SUPPORTED_PLATFORMS = "iphoneos iphonesimulator";
				SUPPORTS_MACCATALYST = NO;
				SUPPORTS_MAC_DESIGNED_FOR_IPHONE_IPAD = NO;
				SUPPORTS_XR_DESIGNED_FOR_IPHONE_IPAD = NO;
				SWIFT_EMIT_LOC_STRINGS = YES;
				SWIFT_VERSION = 5.0;
				TARGETED_DEVICE_FAMILY = 1;
			};
			name = Debug;
		};
		444DE6C82CD0FC9F00821269 /* Release */ = {
			isa = XCBuildConfiguration;
			buildSettings = {
				ASSETCATALOG_COMPILER_APPICON_NAME = AppIcon;
				ASSETCATALOG_COMPILER_GLOBAL_ACCENT_COLOR_NAME = AccentColor;
				CODE_SIGN_STYLE = Automatic;
				CURRENT_PROJECT_VERSION = 1;
				DEVELOPMENT_TEAM = 9M37U587ZT;
				GENERATE_INFOPLIST_FILE = YES;
				INFOPLIST_FILE = MaruTalk/Resource/Info.plist;
				INFOPLIST_KEY_UIApplicationSupportsIndirectInputEvents = YES;
				INFOPLIST_KEY_UILaunchStoryboardName = LaunchScreen;
				INFOPLIST_KEY_UISupportedInterfaceOrientations = UIInterfaceOrientationPortrait;
				INFOPLIST_KEY_UISupportedInterfaceOrientations_iPad = UIInterfaceOrientationPortrait;
				IPHONEOS_DEPLOYMENT_TARGET = 16.0;
				LD_RUNPATH_SEARCH_PATHS = (
					"$(inherited)",
					"@executable_path/Frameworks",
				);
				MARKETING_VERSION = 1.0;
				PRODUCT_BUNDLE_IDENTIFIER = com.daeyunkwon.MaruTalk;
				PRODUCT_NAME = "$(TARGET_NAME)";
				SUPPORTED_PLATFORMS = "iphoneos iphonesimulator";
				SUPPORTS_MACCATALYST = NO;
				SUPPORTS_MAC_DESIGNED_FOR_IPHONE_IPAD = NO;
				SUPPORTS_XR_DESIGNED_FOR_IPHONE_IPAD = NO;
				SWIFT_EMIT_LOC_STRINGS = YES;
				SWIFT_VERSION = 5.0;
				TARGETED_DEVICE_FAMILY = 1;
			};
			name = Release;
		};
/* End XCBuildConfiguration section */

/* Begin XCConfigurationList section */
		444DE6AD2CD0FC9D00821269 /* Build configuration list for PBXProject "MaruTalk" */ = {
			isa = XCConfigurationList;
			buildConfigurations = (
				444DE6C42CD0FC9F00821269 /* Debug */,
				444DE6C52CD0FC9F00821269 /* Release */,
			);
			defaultConfigurationIsVisible = 0;
			defaultConfigurationName = Release;
		};
		444DE6C62CD0FC9F00821269 /* Build configuration list for PBXNativeTarget "MaruTalk" */ = {
			isa = XCConfigurationList;
			buildConfigurations = (
				444DE6C72CD0FC9F00821269 /* Debug */,
				444DE6C82CD0FC9F00821269 /* Release */,
			);
			defaultConfigurationIsVisible = 0;
			defaultConfigurationName = Release;
		};
/* End XCConfigurationList section */

/* Begin XCRemoteSwiftPackageReference section */
		444DE6D82CD10A7A00821269 /* XCRemoteSwiftPackageReference "SnapKit" */ = {
			isa = XCRemoteSwiftPackageReference;
			repositoryURL = "https://github.com/SnapKit/SnapKit";
			requirement = {
				kind = upToNextMajorVersion;
				minimumVersion = 5.7.1;
			};
		};
		444DE6FA2CD36B4200821269 /* XCRemoteSwiftPackageReference "RxSwift" */ = {
			isa = XCRemoteSwiftPackageReference;
			repositoryURL = "https://github.com/ReactiveX/RxSwift";
			requirement = {
				kind = upToNextMajorVersion;
				minimumVersion = 6.8.0;
			};
		};
		444DE71A2CD7720600821269 /* XCRemoteSwiftPackageReference "ReactorKit" */ = {
			isa = XCRemoteSwiftPackageReference;
			repositoryURL = "https://github.com/ReactorKit/ReactorKit";
			requirement = {
				kind = upToNextMajorVersion;
				minimumVersion = 3.2.0;
			};
		};
/* End XCRemoteSwiftPackageReference section */

/* Begin XCSwiftPackageProductDependency section */
		444DE6D92CD10A7A00821269 /* SnapKit */ = {
			isa = XCSwiftPackageProductDependency;
			package = 444DE6D82CD10A7A00821269 /* XCRemoteSwiftPackageReference "SnapKit" */;
			productName = SnapKit;
		};
		444DE6FB2CD36B4200821269 /* RxCocoa */ = {
			isa = XCSwiftPackageProductDependency;
			package = 444DE6FA2CD36B4200821269 /* XCRemoteSwiftPackageReference "RxSwift" */;
			productName = RxCocoa;
		};
		444DE6FD2CD36B4200821269 /* RxRelay */ = {
			isa = XCSwiftPackageProductDependency;
			package = 444DE6FA2CD36B4200821269 /* XCRemoteSwiftPackageReference "RxSwift" */;
			productName = RxRelay;
		};
		444DE6FF2CD36B4200821269 /* RxSwift */ = {
			isa = XCSwiftPackageProductDependency;
			package = 444DE6FA2CD36B4200821269 /* XCRemoteSwiftPackageReference "RxSwift" */;
			productName = RxSwift;
		};
		444DE71B2CD7720600821269 /* ReactorKit */ = {
			isa = XCSwiftPackageProductDependency;
			package = 444DE71A2CD7720600821269 /* XCRemoteSwiftPackageReference "ReactorKit" */;
			productName = ReactorKit;
		};
/* End XCSwiftPackageProductDependency section */
	};
	rootObject = 444DE6AA2CD0FC9D00821269 /* Project object */;
}
